// !$*UTF8*$!
{
	archiveVersion = 1;
	classes = {
	};
	objectVersion = 50;
	objects = {

/* Begin PBXBuildFile section */
		D570CB2B263B5CEB0024F042 /* TeachemiApp.swift in Sources */ = {isa = PBXBuildFile; fileRef = D570CB2A263B5CEB0024F042 /* TeachemiApp.swift */; };
		D570CB2D263B5CEB0024F042 /* ContentView.swift in Sources */ = {isa = PBXBuildFile; fileRef = D570CB2C263B5CEB0024F042 /* ContentView.swift */; };
		D570CB2F263B5CEE0024F042 /* Assets.xcassets in Resources */ = {isa = PBXBuildFile; fileRef = D570CB2E263B5CEE0024F042 /* Assets.xcassets */; };
		D570CB32263B5CEE0024F042 /* Preview Assets.xcassets in Resources */ = {isa = PBXBuildFile; fileRef = D570CB31263B5CEE0024F042 /* Preview Assets.xcassets */; };
		D570CB3F263B5D670024F042 /* ElementModel.swift in Sources */ = {isa = PBXBuildFile; fileRef = D570CB3E263B5D670024F042 /* ElementModel.swift */; };
		D570CB42263B67710024F042 /* ElementRow.swift in Sources */ = {isa = PBXBuildFile; fileRef = D570CB41263B67710024F042 /* ElementRow.swift */; };
		D570CB45263B68730024F042 /* ElementDetails.swift in Sources */ = {isa = PBXBuildFile; fileRef = D570CB44263B68730024F042 /* ElementDetails.swift */; };
/* End PBXBuildFile section */

/* Begin PBXFileReference section */
		D570CB27263B5CEB0024F042 /* Teachemi.app */ = {isa = PBXFileReference; explicitFileType = wrapper.application; includeInIndex = 0; path = Teachemi.app; sourceTree = BUILT_PRODUCTS_DIR; };
		D570CB2A263B5CEB0024F042 /* TeachemiApp.swift */ = {isa = PBXFileReference; lastKnownFileType = sourcecode.swift; path = TeachemiApp.swift; sourceTree = "<group>"; };
		D570CB2C263B5CEB0024F042 /* ContentView.swift */ = {isa = PBXFileReference; lastKnownFileType = sourcecode.swift; path = ContentView.swift; sourceTree = "<group>"; };
		D570CB2E263B5CEE0024F042 /* Assets.xcassets */ = {isa = PBXFileReference; lastKnownFileType = folder.assetcatalog; path = Assets.xcassets; sourceTree = "<group>"; };
		D570CB31263B5CEE0024F042 /* Preview Assets.xcassets */ = {isa = PBXFileReference; lastKnownFileType = folder.assetcatalog; path = "Preview Assets.xcassets"; sourceTree = "<group>"; };
		D570CB33263B5CEE0024F042 /* Info.plist */ = {isa = PBXFileReference; lastKnownFileType = text.plist.xml; path = Info.plist; sourceTree = "<group>"; };
		D570CB3E263B5D670024F042 /* ElementModel.swift */ = {isa = PBXFileReference; lastKnownFileType = sourcecode.swift; path = ElementModel.swift; sourceTree = "<group>"; };
		D570CB41263B67710024F042 /* ElementRow.swift */ = {isa = PBXFileReference; lastKnownFileType = sourcecode.swift; path = ElementRow.swift; sourceTree = "<group>"; };
		D570CB44263B68730024F042 /* ElementDetails.swift */ = {isa = PBXFileReference; lastKnownFileType = sourcecode.swift; path = ElementDetails.swift; sourceTree = "<group>"; };
/* End PBXFileReference section */

/* Begin PBXFrameworksBuildPhase section */
		D570CB24263B5CEA0024F042 /* Frameworks */ = {
			isa = PBXFrameworksBuildPhase;
			buildActionMask = 2147483647;
			files = (
			);
			runOnlyForDeploymentPostprocessing = 0;
		};
/* End PBXFrameworksBuildPhase section */

/* Begin PBXGroup section */
		D570CB1E263B5CEA0024F042 = {
			isa = PBXGroup;
			children = (
				D570CB29263B5CEB0024F042 /* Teachemi */,
				D570CB28263B5CEB0024F042 /* Products */,
			);
			sourceTree = "<group>";
		};
		D570CB28263B5CEB0024F042 /* Products */ = {
			isa = PBXGroup;
			children = (
				D570CB27263B5CEB0024F042 /* Teachemi.app */,
			);
			name = Products;
			sourceTree = "<group>";
		};
		D570CB29263B5CEB0024F042 /* Teachemi */ = {
			isa = PBXGroup;
			children = (
				D570CB3B263B5D320024F042 /* Views */,
				D570CB3A263B5D2C0024F042 /* Models */,
				D570CB2A263B5CEB0024F042 /* TeachemiApp.swift */,
				D570CB2C263B5CEB0024F042 /* ContentView.swift */,
				D570CB2E263B5CEE0024F042 /* Assets.xcassets */,
				D570CB33263B5CEE0024F042 /* Info.plist */,
				D570CB30263B5CEE0024F042 /* Preview Content */,
			);
			path = Teachemi;
			sourceTree = "<group>";
		};
		D570CB30263B5CEE0024F042 /* Preview Content */ = {
			isa = PBXGroup;
			children = (
				D570CB31263B5CEE0024F042 /* Preview Assets.xcassets */,
			);
			path = "Preview Content";
			sourceTree = "<group>";
		};
		D570CB3A263B5D2C0024F042 /* Models */ = {
			isa = PBXGroup;
			children = (
				D570CB3E263B5D670024F042 /* ElementModel.swift */,
			);
			path = Models;
			sourceTree = "<group>";
		};
		D570CB3B263B5D320024F042 /* Views */ = {
			isa = PBXGroup;
			children = (
				D570CB41263B67710024F042 /* ElementRow.swift */,
				D570CB44263B68730024F042 /* ElementDetails.swift */,
			);
			path = Views;
			sourceTree = "<group>";
		};
/* End PBXGroup section */

/* Begin PBXNativeTarget section */
		D570CB26263B5CEA0024F042 /* Teachemi */ = {
			isa = PBXNativeTarget;
			buildConfigurationList = D570CB36263B5CEE0024F042 /* Build configuration list for PBXNativeTarget "Teachemi" */;
			buildPhases = (
				D570CB23263B5CEA0024F042 /* Sources */,
				D570CB24263B5CEA0024F042 /* Frameworks */,
				D570CB25263B5CEA0024F042 /* Resources */,
			);
			buildRules = (
			);
			dependencies = (
			);
			name = Teachemi;
			productName = Teachemi;
			productReference = D570CB27263B5CEB0024F042 /* Teachemi.app */;
			productType = "com.apple.product-type.application";
		};
/* End PBXNativeTarget section */

/* Begin PBXProject section */
		D570CB1F263B5CEA0024F042 /* Project object */ = {
			isa = PBXProject;
			attributes = {
				LastSwiftUpdateCheck = 1240;
				LastUpgradeCheck = 1240;
				TargetAttributes = {
					D570CB26263B5CEA0024F042 = {
						CreatedOnToolsVersion = 12.4;
					};
				};
			};
			buildConfigurationList = D570CB22263B5CEA0024F042 /* Build configuration list for PBXProject "Teachemi" */;
			compatibilityVersion = "Xcode 9.3";
			developmentRegion = en;
			hasScannedForEncodings = 0;
			knownRegions = (
				en,
				Base,
			);
			mainGroup = D570CB1E263B5CEA0024F042;
			productRefGroup = D570CB28263B5CEB0024F042 /* Products */;
			projectDirPath = "";
			projectRoot = "";
			targets = (
				D570CB26263B5CEA0024F042 /* Teachemi */,
			);
		};
/* End PBXProject section */

/* Begin PBXResourcesBuildPhase section */
		D570CB25263B5CEA0024F042 /* Resources */ = {
			isa = PBXResourcesBuildPhase;
			buildActionMask = 2147483647;
			files = (
				D570CB32263B5CEE0024F042 /* Preview Assets.xcassets in Resources */,
				D570CB2F263B5CEE0024F042 /* Assets.xcassets in Resources */,
			);
			runOnlyForDeploymentPostprocessing = 0;
		};
/* End PBXResourcesBuildPhase section */

/* Begin PBXSourcesBuildPhase section */
		D570CB23263B5CEA0024F042 /* Sources */ = {
			isa = PBXSourcesBuildPhase;
			buildActionMask = 2147483647;
			files = (
				D570CB3F263B5D670024F042 /* ElementModel.swift in Sources */,
				D570CB42263B67710024F042 /* ElementRow.swift in Sources */,
				D570CB2D263B5CEB0024F042 /* ContentView.swift in Sources */,
				D570CB2B263B5CEB0024F042 /* TeachemiApp.swift in Sources */,
				D570CB45263B68730024F042 /* ElementDetails.swift in Sources */,
			);
			runOnlyForDeploymentPostprocessing = 0;
		};
/* End PBXSourcesBuildPhase section */

/* Begin XCBuildConfiguration section */
		D570CB34263B5CEE0024F042 /* Debug */ = {
			isa = XCBuildConfiguration;
			buildSettings = {
				ALWAYS_SEARCH_USER_PATHS = NO;
				CLANG_ANALYZER_NONNULL = YES;
				CLANG_ANALYZER_NUMBER_OBJECT_CONVERSION = YES_AGGRESSIVE;
				CLANG_CXX_LANGUAGE_STANDARD = "gnu++14";
				CLANG_CXX_LIBRARY = "libc++";
				CLANG_ENABLE_MODULES = YES;
				CLANG_ENABLE_OBJC_ARC = YES;
				CLANG_ENABLE_OBJC_WEAK = YES;
				CLANG_WARN_BLOCK_CAPTURE_AUTORELEASING = YES;
				CLANG_WARN_BOOL_CONVERSION = YES;
				CLANG_WARN_COMMA = YES;
				CLANG_WARN_CONSTANT_CONVERSION = YES;
				CLANG_WARN_DEPRECATED_OBJC_IMPLEMENTATIONS = YES;
				CLANG_WARN_DIRECT_OBJC_ISA_USAGE = YES_ERROR;
				CLANG_WARN_DOCUMENTATION_COMMENTS = YES;
				CLANG_WARN_EMPTY_BODY = YES;
				CLANG_WARN_ENUM_CONVERSION = YES;
				CLANG_WARN_INFINITE_RECURSION = YES;
				CLANG_WARN_INT_CONVERSION = YES;
				CLANG_WARN_NON_LITERAL_NULL_CONVERSION = YES;
				CLANG_WARN_OBJC_IMPLICIT_RETAIN_SELF = YES;
				CLANG_WARN_OBJC_LITERAL_CONVERSION = YES;
				CLANG_WARN_OBJC_ROOT_CLASS = YES_ERROR;
				CLANG_WARN_QUOTED_INCLUDE_IN_FRAMEWORK_HEADER = YES;
				CLANG_WARN_RANGE_LOOP_ANALYSIS = YES;
				CLANG_WARN_STRICT_PROTOTYPES = YES;
				CLANG_WARN_SUSPICIOUS_MOVE = YES;
				CLANG_WARN_UNGUARDED_AVAILABILITY = YES_AGGRESSIVE;
				CLANG_WARN_UNREACHABLE_CODE = YES;
				CLANG_WARN__DUPLICATE_METHOD_MATCH = YES;
				COPY_PHASE_STRIP = NO;
				DEBUG_INFORMATION_FORMAT = dwarf;
				ENABLE_STRICT_OBJC_MSGSEND = YES;
				ENABLE_TESTABILITY = YES;
				GCC_C_LANGUAGE_STANDARD = gnu11;
				GCC_DYNAMIC_NO_PIC = NO;
				GCC_NO_COMMON_BLOCKS = YES;
				GCC_OPTIMIZATION_LEVEL = 0;
				GCC_PREPROCESSOR_DEFINITIONS = (
					"DEBUG=1",
					"$(inherited)",
				);
				GCC_WARN_64_TO_32_BIT_CONVERSION = YES;
				GCC_WARN_ABOUT_RETURN_TYPE = YES_ERROR;
				GCC_WARN_UNDECLARED_SELECTOR = YES;
				GCC_WARN_UNINITIALIZED_AUTOS = YES_AGGRESSIVE;
				GCC_WARN_UNUSED_FUNCTION = YES;
				GCC_WARN_UNUSED_VARIABLE = YES;
				IPHONEOS_DEPLOYMENT_TARGET = 14.4;
				MTL_ENABLE_DEBUG_INFO = INCLUDE_SOURCE;
				MTL_FAST_MATH = YES;
				ONLY_ACTIVE_ARCH = YES;
				SDKROOT = iphoneos;
				SWIFT_ACTIVE_COMPILATION_CONDITIONS = DEBUG;
				SWIFT_OPTIMIZATION_LEVEL = "-Onone";
			};
			name = Debug;
		};
		D570CB35263B5CEE0024F042 /* Release */ = {
			isa = XCBuildConfiguration;
			buildSettings = {
				ALWAYS_SEARCH_USER_PATHS = NO;
				CLANG_ANALYZER_NONNULL = YES;
				CLANG_ANALYZER_NUMBER_OBJECT_CONVERSION = YES_AGGRESSIVE;
				CLANG_CXX_LANGUAGE_STANDARD = "gnu++14";
				CLANG_CXX_LIBRARY = "libc++";
				CLANG_ENABLE_MODULES = YES;
				CLANG_ENABLE_OBJC_ARC = YES;
				CLANG_ENABLE_OBJC_WEAK = YES;
				CLANG_WARN_BLOCK_CAPTURE_AUTORELEASING = YES;
				CLANG_WARN_BOOL_CONVERSION = YES;
				CLANG_WARN_COMMA = YES;
				CLANG_WARN_CONSTANT_CONVERSION = YES;
				CLANG_WARN_DEPRECATED_OBJC_IMPLEMENTATIONS = YES;
				CLANG_WARN_DIRECT_OBJC_ISA_USAGE = YES_ERROR;
				CLANG_WARN_DOCUMENTATION_COMMENTS = YES;
				CLANG_WARN_EMPTY_BODY = YES;
				CLANG_WARN_ENUM_CONVERSION = YES;
				CLANG_WARN_INFINITE_RECURSION = YES;
				CLANG_WARN_INT_CONVERSION = YES;
				CLANG_WARN_NON_LITERAL_NULL_CONVERSION = YES;
				CLANG_WARN_OBJC_IMPLICIT_RETAIN_SELF = YES;
				CLANG_WARN_OBJC_LITERAL_CONVERSION = YES;
				CLANG_WARN_OBJC_ROOT_CLASS = YES_ERROR;
				CLANG_WARN_QUOTED_INCLUDE_IN_FRAMEWORK_HEADER = YES;
				CLANG_WARN_RANGE_LOOP_ANALYSIS = YES;
				CLANG_WARN_STRICT_PROTOTYPES = YES;
				CLANG_WARN_SUSPICIOUS_MOVE = YES;
				CLANG_WARN_UNGUARDED_AVAILABILITY = YES_AGGRESSIVE;
				CLANG_WARN_UNREACHABLE_CODE = YES;
				CLANG_WARN__DUPLICATE_METHOD_MATCH = YES;
				COPY_PHASE_STRIP = NO;
				DEBUG_INFORMATION_FORMAT = "dwarf-with-dsym";
				ENABLE_NS_ASSERTIONS = NO;
				ENABLE_STRICT_OBJC_MSGSEND = YES;
				GCC_C_LANGUAGE_STANDARD = gnu11;
				GCC_NO_COMMON_BLOCKS = YES;
				GCC_WARN_64_TO_32_BIT_CONVERSION = YES;
				GCC_WARN_ABOUT_RETURN_TYPE = YES_ERROR;
				GCC_WARN_UNDECLARED_SELECTOR = YES;
				GCC_WARN_UNINITIALIZED_AUTOS = YES_AGGRESSIVE;
				GCC_WARN_UNUSED_FUNCTION = YES;
				GCC_WARN_UNUSED_VARIABLE = YES;
				IPHONEOS_DEPLOYMENT_TARGET = 14.4;
				MTL_ENABLE_DEBUG_INFO = NO;
				MTL_FAST_MATH = YES;
				SDKROOT = iphoneos;
				SWIFT_COMPILATION_MODE = wholemodule;
				SWIFT_OPTIMIZATION_LEVEL = "-O";
				VALIDATE_PRODUCT = YES;
			};
			name = Release;
		};
		D570CB37263B5CEE0024F042 /* Debug */ = {
			isa = XCBuildConfiguration;
			buildSettings = {
				ASSETCATALOG_COMPILER_APPICON_NAME = AppIcon;
				ASSETCATALOG_COMPILER_GLOBAL_ACCENT_COLOR_NAME = AccentColor;
				CODE_SIGN_STYLE = Automatic;
				DEVELOPMENT_ASSET_PATHS = "\"Teachemi/Preview Content\"";
				ENABLE_PREVIEWS = YES;
				INFOPLIST_FILE = Teachemi/Info.plist;
				IPHONEOS_DEPLOYMENT_TARGET = 14.0;
				LD_RUNPATH_SEARCH_PATHS = (
					"$(inherited)",
					"@executable_path/Frameworks",
				);
				PRODUCT_BUNDLE_IDENTIFIER = com.hab.Teachemi;
				PRODUCT_NAME = "$(TARGET_NAME)";
				SWIFT_VERSION = 5.0;
				TARGETED_DEVICE_FAMILY = "1,2";
			};
			name = Debug;
		};
		D570CB38263B5CEE0024F042 /* Release */ = {
			isa = XCBuildConfiguration;
			buildSettings = {
				ASSETCATALOG_COMPILER_APPICON_NAME = AppIcon;
				ASSETCATALOG_COMPILER_GLOBAL_ACCENT_COLOR_NAME = AccentColor;
				CODE_SIGN_STYLE = Automatic;
				DEVELOPMENT_ASSET_PATHS = "\"Teachemi/Preview Content\"";
				ENABLE_PREVIEWS = YES;
				INFOPLIST_FILE = Teachemi/Info.plist;
				IPHONEOS_DEPLOYMENT_TARGET = 14.0;
				LD_RUNPATH_SEARCH_PATHS = (
					"$(inherited)",
					"@executable_path/Frameworks",
				);
				PRODUCT_BUNDLE_IDENTIFIER = com.hab.Teachemi;
				PRODUCT_NAME = "$(TARGET_NAME)";
				SWIFT_VERSION = 5.0;
				TARGETED_DEVICE_FAMILY = "1,2";
			};
			name = Release;
		};
/* End XCBuildConfiguration section */

/* Begin XCConfigurationList section */
		D570CB22263B5CEA0024F042 /* Build configuration list for PBXProject "Teachemi" */ = {
			isa = XCConfigurationList;
			buildConfigurations = (
				D570CB34263B5CEE0024F042 /* Debug */,
				D570CB35263B5CEE0024F042 /* Release */,
			);
			defaultConfigurationIsVisible = 0;
			defaultConfigurationName = Release;
		};
		D570CB36263B5CEE0024F042 /* Build configuration list for PBXNativeTarget "Teachemi" */ = {
			isa = XCConfigurationList;
			buildConfigurations = (
				D570CB37263B5CEE0024F042 /* Debug */,
				D570CB38263B5CEE0024F042 /* Release */,
			);
			defaultConfigurationIsVisible = 0;
			defaultConfigurationName = Release;
		};
/* End XCConfigurationList section */
	};
	rootObject = D570CB1F263B5CEA0024F042 /* Project object */;
}
